
Microsoft Visual Studio Solution File, Format Version 12.00
# Visual Studio Version 16
VisualStudioVersion = 16.0.31624.102
MinimumVisualStudioVersion = 10.0.40219.1
Project("{FAE04EC0-301F-11D3-BF4B-00C04F79EFBC}") = "consapp", "consapp\consapp.csproj", "{D019E983-D69E-49E6-8C53-690AC4B5BE37}"
EndProject
Global
	GlobalSection(SolutionConfigurationPlatforms) = preSolution
		Debug|Any CPU = Debug|Any CPU
		Release|Any CPU = Release|Any CPU
	EndGlobalSection
	GlobalSection(ProjectConfigurationPlatforms) = postSolution
		{D019E983-D69E-49E6-8C53-690AC4B5BE37}.Debug|Any CPU.ActiveCfg = Debug|Any CPU
		{D019E983-D69E-49E6-8C53-690AC4B5BE37}.Debug|Any CPU.Build.0 = Debug|Any CPU
		{D019E983-D69E-49E6-8C53-690AC4B5BE37}.Release|Any CPU.ActiveCfg = Release|Any CPU
		{D019E983-D69E-49E6-8C53-690AC4B5BE37}.Release|Any CPU.Build.0 = Release|Any CPU
	EndGlobalSection
	GlobalSection(SolutionProperties) = preSolution
		HideSolutionNode = FALSE
	EndGlobalSection
	GlobalSection(ExtensibilityGlobals) = postSolution
		SolutionGuid = {35226D04-184D-474E-ABC4-7A7CFAEDBBA8}
	EndGlobalSection
EndGlobal
